// !$*UTF8*$!
{
	archiveVersion = 1;
	classes = {
	};
	objectVersion = 46;
	objects = {

/* Begin PBXBuildFile section */
		19A51FD01D5CD370000E98D8 /* AppDelegate.swift in Sources */ = {isa = PBXBuildFile; fileRef = 19A51FCF1D5CD370000E98D8 /* AppDelegate.swift */; };
		19A51FD21D5CD370000E98D8 /* ViewController.swift in Sources */ = {isa = PBXBuildFile; fileRef = 19A51FD11D5CD370000E98D8 /* ViewController.swift */; };
		19A51FD51D5CD370000E98D8 /* Main.storyboard in Resources */ = {isa = PBXBuildFile; fileRef = 19A51FD31D5CD370000E98D8 /* Main.storyboard */; };
		19A51FD71D5CD370000E98D8 /* Assets.xcassets in Resources */ = {isa = PBXBuildFile; fileRef = 19A51FD61D5CD370000E98D8 /* Assets.xcassets */; };
		19A51FDA1D5CD370000E98D8 /* LaunchScreen.storyboard in Resources */ = {isa = PBXBuildFile; fileRef = 19A51FD81D5CD370000E98D8 /* LaunchScreen.storyboard */; };
		19A51FE51D5CD370000E98D8 /* Project_13___ZoomingIconsTests.swift in Sources */ = {isa = PBXBuildFile; fileRef = 19A51FE41D5CD370000E98D8 /* Project_13___ZoomingIconsTests.swift */; };
		19A51FF01D5CD370000E98D8 /* Project_13___ZoomingIconsUITests.swift in Sources */ = {isa = PBXBuildFile; fileRef = 19A51FEF1D5CD370000E98D8 /* Project_13___ZoomingIconsUITests.swift */; };
/* End PBXBuildFile section */

/* Begin PBXContainerItemProxy section */
		19A51FE11D5CD370000E98D8 /* PBXContainerItemProxy */ = {
			isa = PBXContainerItemProxy;
			containerPortal = 19A51FC41D5CD370000E98D8 /* Project object */;
			proxyType = 1;
			remoteGlobalIDString = 19A51FCB1D5CD370000E98D8;
			remoteInfo = "Project 13 - ZoomingIcons";
		};
		19A51FEC1D5CD370000E98D8 /* PBXContainerItemProxy */ = {
			isa = PBXContainerItemProxy;
			containerPortal = 19A51FC41D5CD370000E98D8 /* Project object */;
			proxyType = 1;
			remoteGlobalIDString = 19A51FCB1D5CD370000E98D8;
			remoteInfo = "Project 13 - ZoomingIcons";
		};
/* End PBXContainerItemProxy section */

/* Begin PBXFileReference section */
		19A51FCC1D5CD370000E98D8 /* Project 13 - ZoomingIcons.app */ = {isa = PBXFileReference; explicitFileType = wrapper.application; includeInIndex = 0; path = "Project 13 - ZoomingIcons.app"; sourceTree = BUILT_PRODUCTS_DIR; };
		19A51FCF1D5CD370000E98D8 /* AppDelegate.swift */ = {isa = PBXFileReference; lastKnownFileType = sourcecode.swift; path = AppDelegate.swift; sourceTree = "<group>"; };
		19A51FD11D5CD370000E98D8 /* ViewController.swift */ = {isa = PBXFileReference; lastKnownFileType = sourcecode.swift; path = ViewController.swift; sourceTree = "<group>"; };
		19A51FD41D5CD370000E98D8 /* Base */ = {isa = PBXFileReference; lastKnownFileType = file.storyboard; name = Base; path = Base.lproj/Main.storyboard; sourceTree = "<group>"; };
		19A51FD61D5CD370000E98D8 /* Assets.xcassets */ = {isa = PBXFileReference; lastKnownFileType = folder.assetcatalog; path = Assets.xcassets; sourceTree = "<group>"; };
		19A51FD91D5CD370000E98D8 /* Base */ = {isa = PBXFileReference; lastKnownFileType = file.storyboard; name = Base; path = Base.lproj/LaunchScreen.storyboard; sourceTree = "<group>"; };
		19A51FDB1D5CD370000E98D8 /* Info.plist */ = {isa = PBXFileReference; lastKnownFileType = text.plist.xml; path = Info.plist; sourceTree = "<group>"; };
		19A51FE01D5CD370000E98D8 /* Project 13 - ZoomingIconsTests.xctest */ = {isa = PBXFileReference; explicitFileType = wrapper.cfbundle; includeInIndex = 0; path = "Project 13 - ZoomingIconsTests.xctest"; sourceTree = BUILT_PRODUCTS_DIR; };
		19A51FE41D5CD370000E98D8 /* Project_13___ZoomingIconsTests.swift */ = {isa = PBXFileReference; lastKnownFileType = sourcecode.swift; path = "Project_13___ZoomingIconsTests.swift"; sourceTree = "<group>"; };
		19A51FE61D5CD370000E98D8 /* Info.plist */ = {isa = PBXFileReference; lastKnownFileType = text.plist.xml; path = Info.plist; sourceTree = "<group>"; };
		19A51FEB1D5CD370000E98D8 /* Project 13 - ZoomingIconsUITests.xctest */ = {isa = PBXFileReference; explicitFileType = wrapper.cfbundle; includeInIndex = 0; path = "Project 13 - ZoomingIconsUITests.xctest"; sourceTree = BUILT_PRODUCTS_DIR; };
		19A51FEF1D5CD370000E98D8 /* Project_13___ZoomingIconsUITests.swift */ = {isa = PBXFileReference; lastKnownFileType = sourcecode.swift; path = "Project_13___ZoomingIconsUITests.swift"; sourceTree = "<group>"; };
		19A51FF11D5CD370000E98D8 /* Info.plist */ = {isa = PBXFileReference; lastKnownFileType = text.plist.xml; path = Info.plist; sourceTree = "<group>"; };
/* End PBXFileReference section */

/* Begin PBXFrameworksBuildPhase section */
		19A51FC91D5CD370000E98D8 /* Frameworks */ = {
			isa = PBXFrameworksBuildPhase;
			buildActionMask = 2147483647;
			files = (
			);
			runOnlyForDeploymentPostprocessing = 0;
		};
		19A51FDD1D5CD370000E98D8 /* Frameworks */ = {
			isa = PBXFrameworksBuildPhase;
			buildActionMask = 2147483647;
			files = (
			);
			runOnlyForDeploymentPostprocessing = 0;
		};
		19A51FE81D5CD370000E98D8 /* Frameworks */ = {
			isa = PBXFrameworksBuildPhase;
			buildActionMask = 2147483647;
			files = (
			);
			runOnlyForDeploymentPostprocessing = 0;
		};
/* End PBXFrameworksBuildPhase section */

/* Begin PBXGroup section */
		19A51FC31D5CD370000E98D8 = {
			isa = PBXGroup;
			children = (
				19A51FCE1D5CD370000E98D8 /* Project 13 - ZoomingIcons */,
				19A51FE31D5CD370000E98D8 /* Project 13 - ZoomingIconsTests */,
				19A51FEE1D5CD370000E98D8 /* Project 13 - ZoomingIconsUITests */,
				19A51FCD1D5CD370000E98D8 /* Products */,
			);
			sourceTree = "<group>";
		};
		19A51FCD1D5CD370000E98D8 /* Products */ = {
			isa = PBXGroup;
			children = (
				19A51FCC1D5CD370000E98D8 /* Project 13 - ZoomingIcons.app */,
				19A51FE01D5CD370000E98D8 /* Project 13 - ZoomingIconsTests.xctest */,
				19A51FEB1D5CD370000E98D8 /* Project 13 - ZoomingIconsUITests.xctest */,
			);
			name = Products;
			sourceTree = "<group>";
		};
		19A51FCE1D5CD370000E98D8 /* Project 13 - ZoomingIcons */ = {
			isa = PBXGroup;
			children = (
				19A51FCF1D5CD370000E98D8 /* AppDelegate.swift */,
				19A51FD11D5CD370000E98D8 /* ViewController.swift */,
				19A51FD31D5CD370000E98D8 /* Main.storyboard */,
				19A51FD61D5CD370000E98D8 /* Assets.xcassets */,
				19A51FD81D5CD370000E98D8 /* LaunchScreen.storyboard */,
				19A51FDB1D5CD370000E98D8 /* Info.plist */,
			);
			path = "Project 13 - ZoomingIcons";
			sourceTree = "<group>";
		};
		19A51FE31D5CD370000E98D8 /* Project 13 - ZoomingIconsTests */ = {
			isa = PBXGroup;
			children = (
				19A51FE41D5CD370000E98D8 /* Project_13___ZoomingIconsTests.swift */,
				19A51FE61D5CD370000E98D8 /* Info.plist */,
			);
			path = "Project 13 - ZoomingIconsTests";
			sourceTree = "<group>";
		};
		19A51FEE1D5CD370000E98D8 /* Project 13 - ZoomingIconsUITests */ = {
			isa = PBXGroup;
			children = (
				19A51FEF1D5CD370000E98D8 /* Project_13___ZoomingIconsUITests.swift */,
				19A51FF11D5CD370000E98D8 /* Info.plist */,
			);
			path = "Project 13 - ZoomingIconsUITests";
			sourceTree = "<group>";
		};
/* End PBXGroup section */

/* Begin PBXNativeTarget section */
		19A51FCB1D5CD370000E98D8 /* Project 13 - ZoomingIcons */ = {
			isa = PBXNativeTarget;
			buildConfigurationList = 19A51FF41D5CD370000E98D8 /* Build configuration list for PBXNativeTarget "Project 13 - ZoomingIcons" */;
			buildPhases = (
				19A51FC81D5CD370000E98D8 /* Sources */,
				19A51FC91D5CD370000E98D8 /* Frameworks */,
				19A51FCA1D5CD370000E98D8 /* Resources */,
			);
			buildRules = (
			);
			dependencies = (
			);
			name = "Project 13 - ZoomingIcons";
			productName = "Project 13 - ZoomingIcons";
			productReference = 19A51FCC1D5CD370000E98D8 /* Project 13 - ZoomingIcons.app */;
			productType = "com.apple.product-type.application";
		};
		19A51FDF1D5CD370000E98D8 /* Project 13 - ZoomingIconsTests */ = {
			isa = PBXNativeTarget;
			buildConfigurationList = 19A51FF71D5CD370000E98D8 /* Build configuration list for PBXNativeTarget "Project 13 - ZoomingIconsTests" */;
			buildPhases = (
				19A51FDC1D5CD370000E98D8 /* Sources */,
				19A51FDD1D5CD370000E98D8 /* Frameworks */,
				19A51FDE1D5CD370000E98D8 /* Resources */,
			);
			buildRules = (
			);
			dependencies = (
				19A51FE21D5CD370000E98D8 /* PBXTargetDependency */,
			);
			name = "Project 13 - ZoomingIconsTests";
			productName = "Project 13 - ZoomingIconsTests";
			productReference = 19A51FE01D5CD370000E98D8 /* Project 13 - ZoomingIconsTests.xctest */;
			productType = "com.apple.product-type.bundle.unit-test";
		};
		19A51FEA1D5CD370000E98D8 /* Project 13 - ZoomingIconsUITests */ = {
			isa = PBXNativeTarget;
			buildConfigurationList = 19A51FFA1D5CD370000E98D8 /* Build configuration list for PBXNativeTarget "Project 13 - ZoomingIconsUITests" */;
			buildPhases = (
				19A51FE71D5CD370000E98D8 /* Sources */,
				19A51FE81D5CD370000E98D8 /* Frameworks */,
				19A51FE91D5CD370000E98D8 /* Resources */,
			);
			buildRules = (
			);
			dependencies = (
				19A51FED1D5CD370000E98D8 /* PBXTargetDependency */,
			);
			name = "Project 13 - ZoomingIconsUITests";
			productName = "Project 13 - ZoomingIconsUITests";
			productReference = 19A51FEB1D5CD370000E98D8 /* Project 13 - ZoomingIconsUITests.xctest */;
			productType = "com.apple.product-type.bundle.ui-testing";
		};
/* End PBXNativeTarget section */

/* Begin PBXProject section */
		19A51FC41D5CD370000E98D8 /* Project object */ = {
			isa = PBXProject;
			attributes = {
				LastSwiftUpdateCheck = 0720;
				LastUpgradeCheck = 0720;
				ORGANIZATIONNAME = Jiong;
				TargetAttributes = {
					19A51FCB1D5CD370000E98D8 = {
						CreatedOnToolsVersion = 7.2;
					};
					19A51FDF1D5CD370000E98D8 = {
						CreatedOnToolsVersion = 7.2;
						TestTargetID = 19A51FCB1D5CD370000E98D8;
					};
					19A51FEA1D5CD370000E98D8 = {
						CreatedOnToolsVersion = 7.2;
						TestTargetID = 19A51FCB1D5CD370000E98D8;
					};
				};
			};
			buildConfigurationList = 19A51FC71D5CD370000E98D8 /* Build configuration list for PBXProject "Project 13 - ZoomingIcons" */;
			compatibilityVersion = "Xcode 3.2";
			developmentRegion = English;
			hasScannedForEncodings = 0;
			knownRegions = (
				en,
				Base,
			);
			mainGroup = 19A51FC31D5CD370000E98D8;
			productRefGroup = 19A51FCD1D5CD370000E98D8 /* Products */;
			projectDirPath = "";
			projectRoot = "";
			targets = (
				19A51FCB1D5CD370000E98D8 /* Project 13 - ZoomingIcons */,
				19A51FDF1D5CD370000E98D8 /* Project 13 - ZoomingIconsTests */,
				19A51FEA1D5CD370000E98D8 /* Project 13 - ZoomingIconsUITests */,
			);
		};
/* End PBXProject section */

/* Begin PBXResourcesBuildPhase section */
		19A51FCA1D5CD370000E98D8 /* Resources */ = {
			isa = PBXResourcesBuildPhase;
			buildActionMask = 2147483647;
			files = (
				19A51FDA1D5CD370000E98D8 /* LaunchScreen.storyboard in Resources */,
				19A51FD71D5CD370000E98D8 /* Assets.xcassets in Resources */,
				19A51FD51D5CD370000E98D8 /* Main.storyboard in Resources */,
			);
			runOnlyForDeploymentPostprocessing = 0;
		};
		19A51FDE1D5CD370000E98D8 /* Resources */ = {
			isa = PBXResourcesBuildPhase;
			buildActionMask = 2147483647;
			files = (
			);
			runOnlyForDeploymentPostprocessing = 0;
		};
		19A51FE91D5CD370000E98D8 /* Resources */ = {
			isa = PBXResourcesBuildPhase;
			buildActionMask = 2147483647;
			files = (
			);
			runOnlyForDeploymentPostprocessing = 0;
		};
/* End PBXResourcesBuildPhase section */

/* Begin PBXSourcesBuildPhase section */
		19A51FC81D5CD370000E98D8 /* Sources */ = {
			isa = PBXSourcesBuildPhase;
			buildActionMask = 2147483647;
			files = (
				19A51FD21D5CD370000E98D8 /* ViewController.swift in Sources */,
				19A51FD01D5CD370000E98D8 /* AppDelegate.swift in Sources */,
			);
			runOnlyForDeploymentPostprocessing = 0;
		};
		19A51FDC1D5CD370000E98D8 /* Sources */ = {
			isa = PBXSourcesBuildPhase;
			buildActionMask = 2147483647;
			files = (
				19A51FE51D5CD370000E98D8 /* Project_13___ZoomingIconsTests.swift in Sources */,
			);
			runOnlyForDeploymentPostprocessing = 0;
		};
		19A51FE71D5CD370000E98D8 /* Sources */ = {
			isa = PBXSourcesBuildPhase;
			buildActionMask = 2147483647;
			files = (
				19A51FF01D5CD370000E98D8 /* Project_13___ZoomingIconsUITests.swift in Sources */,
			);
			runOnlyForDeploymentPostprocessing = 0;
		};
/* End PBXSourcesBuildPhase section */

/* Begin PBXTargetDependency section */
		19A51FE21D5CD370000E98D8 /* PBXTargetDependency */ = {
			isa = PBXTargetDependency;
			target = 19A51FCB1D5CD370000E98D8 /* Project 13 - ZoomingIcons */;
			targetProxy = 19A51FE11D5CD370000E98D8 /* PBXContainerItemProxy */;
		};
		19A51FED1D5CD370000E98D8 /* PBXTargetDependency */ = {
			isa = PBXTargetDependency;
			target = 19A51FCB1D5CD370000E98D8 /* Project 13 - ZoomingIcons */;
			targetProxy = 19A51FEC1D5CD370000E98D8 /* PBXContainerItemProxy */;
		};
/* End PBXTargetDependency section */

/* Begin PBXVariantGroup section */
		19A51FD31D5CD370000E98D8 /* Main.storyboard */ = {
			isa = PBXVariantGroup;
			children = (
				19A51FD41D5CD370000E98D8 /* Base */,
			);
			name = Main.storyboard;
			sourceTree = "<group>";
		};
		19A51FD81D5CD370000E98D8 /* LaunchScreen.storyboard */ = {
			isa = PBXVariantGroup;
			children = (
				19A51FD91D5CD370000E98D8 /* Base */,
			);
			name = LaunchScreen.storyboard;
			sourceTree = "<group>";
		};
/* End PBXVariantGroup section */

/* Begin XCBuildConfiguration section */
		19A51FF21D5CD370000E98D8 /* Debug */ = {
			isa = XCBuildConfiguration;
			buildSettings = {
				ALWAYS_SEARCH_USER_PATHS = NO;
				CLANG_CXX_LANGUAGE_STANDARD = "gnu++0x";
				CLANG_CXX_LIBRARY = "libc++";
				CLANG_ENABLE_MODULES = YES;
				CLANG_ENABLE_OBJC_ARC = YES;
				CLANG_WARN_BOOL_CONVERSION = YES;
				CLANG_WARN_CONSTANT_CONVERSION = YES;
				CLANG_WARN_DIRECT_OBJC_ISA_USAGE = YES_ERROR;
				CLANG_WARN_EMPTY_BODY = YES;
				CLANG_WARN_ENUM_CONVERSION = YES;
				CLANG_WARN_INT_CONVERSION = YES;
				CLANG_WARN_OBJC_ROOT_CLASS = YES_ERROR;
				CLANG_WARN_UNREACHABLE_CODE = YES;
				CLANG_WARN__DUPLICATE_METHOD_MATCH = YES;
				"CODE_SIGN_IDENTITY[sdk=iphoneos*]" = "iPhone Developer";
				COPY_PHASE_STRIP = NO;
				DEBUG_INFORMATION_FORMAT = dwarf;
				ENABLE_STRICT_OBJC_MSGSEND = YES;
				ENABLE_TESTABILITY = YES;
				GCC_C_LANGUAGE_STANDARD = gnu99;
				GCC_DYNAMIC_NO_PIC = NO;
				GCC_NO_COMMON_BLOCKS = YES;
				GCC_OPTIMIZATION_LEVEL = 0;
				GCC_PREPROCESSOR_DEFINITIONS = (
					"DEBUG=1",
					"$(inherited)",
				);
				GCC_WARN_64_TO_32_BIT_CONVERSION = YES;
				GCC_WARN_ABOUT_RETURN_TYPE = YES_ERROR;
				GCC_WARN_UNDECLARED_SELECTOR = YES;
				GCC_WARN_UNINITIALIZED_AUTOS = YES_AGGRESSIVE;
				GCC_WARN_UNUSED_FUNCTION = YES;
				GCC_WARN_UNUSED_VARIABLE = YES;
				IPHONEOS_DEPLOYMENT_TARGET = 9.2;
				MTL_ENABLE_DEBUG_INFO = YES;
				ONLY_ACTIVE_ARCH = YES;
				SDKROOT = iphoneos;
				SWIFT_OPTIMIZATION_LEVEL = "-Onone";
				TARGETED_DEVICE_FAMILY = "1,2";
			};
			name = Debug;
		};
		19A51FF31D5CD370000E98D8 /* Release */ = {
			isa = XCBuildConfiguration;
			buildSettings = {
				ALWAYS_SEARCH_USER_PATHS = NO;
				CLANG_CXX_LANGUAGE_STANDARD = "gnu++0x";
				CLANG_CXX_LIBRARY = "libc++";
				CLANG_ENABLE_MODULES = YES;
				CLANG_ENABLE_OBJC_ARC = YES;
				CLANG_WARN_BOOL_CONVERSION = YES;
				CLANG_WARN_CONSTANT_CONVERSION = YES;
				CLANG_WARN_DIRECT_OBJC_ISA_USAGE = YES_ERROR;
				CLANG_WARN_EMPTY_BODY = YES;
				CLANG_WARN_ENUM_CONVERSION = YES;
				CLANG_WARN_INT_CONVERSION = YES;
				CLANG_WARN_OBJC_ROOT_CLASS = YES_ERROR;
				CLANG_WARN_UNREACHABLE_CODE = YES;
				CLANG_WARN__DUPLICATE_METHOD_MATCH = YES;
				"CODE_SIGN_IDENTITY[sdk=iphoneos*]" = "iPhone Developer";
				COPY_PHASE_STRIP = NO;
				DEBUG_INFORMATION_FORMAT = "dwarf-with-dsym";
				ENABLE_NS_ASSERTIONS = NO;
				ENABLE_STRICT_OBJC_MSGSEND = YES;
				GCC_C_LANGUAGE_STANDARD = gnu99;
				GCC_NO_COMMON_BLOCKS = YES;
				GCC_WARN_64_TO_32_BIT_CONVERSION = YES;
				GCC_WARN_ABOUT_RETURN_TYPE = YES_ERROR;
				GCC_WARN_UNDECLARED_SELECTOR = YES;
				GCC_WARN_UNINITIALIZED_AUTOS = YES_AGGRESSIVE;
				GCC_WARN_UNUSED_FUNCTION = YES;
				GCC_WARN_UNUSED_VARIABLE = YES;
				IPHONEOS_DEPLOYMENT_TARGET = 9.2;
				MTL_ENABLE_DEBUG_INFO = NO;
				SDKROOT = iphoneos;
				TARGETED_DEVICE_FAMILY = "1,2";
				VALIDATE_PRODUCT = YES;
			};
			name = Release;
		};
		19A51FF51D5CD370000E98D8 /* Debug */ = {
			isa = XCBuildConfiguration;
			buildSettings = {
				ASSETCATALOG_COMPILER_APPICON_NAME = AppIcon;
				INFOPLIST_FILE = "Project 13 - ZoomingIcons/Info.plist";
				LD_RUNPATH_SEARCH_PATHS = "$(inherited) @executable_path/Frameworks";
				PRODUCT_BUNDLE_IDENTIFIER = "Jiong..Project-13---ZoomingIcons";
				PRODUCT_NAME = "$(TARGET_NAME)";
			};
			name = Debug;
		};
		19A51FF61D5CD370000E98D8 /* Release */ = {
			isa = XCBuildConfiguration;
			buildSettings = {
				ASSETCATALOG_COMPILER_APPICON_NAME = AppIcon;
				INFOPLIST_FILE = "Project 13 - ZoomingIcons/Info.plist";
				LD_RUNPATH_SEARCH_PATHS = "$(inherited) @executable_path/Frameworks";
				PRODUCT_BUNDLE_IDENTIFIER = "Jiong..Project-13---ZoomingIcons";
				PRODUCT_NAME = "$(TARGET_NAME)";
			};
			name = Release;
		};
		19A51FF81D5CD370000E98D8 /* Debug */ = {
			isa = XCBuildConfiguration;
			buildSettings = {
				BUNDLE_LOADER = "$(TEST_HOST)";
				INFOPLIST_FILE = "Project 13 - ZoomingIconsTests/Info.plist";
				LD_RUNPATH_SEARCH_PATHS = "$(inherited) @executable_path/Frameworks @loader_path/Frameworks";
				PRODUCT_BUNDLE_IDENTIFIER = "Jiong..Project-13---ZoomingIconsTests";
				PRODUCT_NAME = "$(TARGET_NAME)";
				TEST_HOST = "$(BUILT_PRODUCTS_DIR)/Project 13 - ZoomingIcons.app/Project 13 - ZoomingIcons";
			};
			name = Debug;
		};
		19A51FF91D5CD370000E98D8 /* Release */ = {
			isa = XCBuildConfiguration;
			buildSettings = {
				BUNDLE_LOADER = "$(TEST_HOST)";
				INFOPLIST_FILE = "Project 13 - ZoomingIconsTests/Info.plist";
				LD_RUNPATH_SEARCH_PATHS = "$(inherited) @executable_path/Frameworks @loader_path/Frameworks";
				PRODUCT_BUNDLE_IDENTIFIER = "Jiong..Project-13---ZoomingIconsTests";
				PRODUCT_NAME = "$(TARGET_NAME)";
				TEST_HOST = "$(BUILT_PRODUCTS_DIR)/Project 13 - ZoomingIcons.app/Project 13 - ZoomingIcons";
			};
			name = Release;
		};
		19A51FFB1D5CD370000E98D8 /* Debug */ = {
			isa = XCBuildConfiguration;
			buildSettings = {
				INFOPLIST_FILE = "Project 13 - ZoomingIconsUITests/Info.plist";
				LD_RUNPATH_SEARCH_PATHS = "$(inherited) @executable_path/Frameworks @loader_path/Frameworks";
				PRODUCT_BUNDLE_IDENTIFIER = "Jiong..Project-13---ZoomingIconsUITests";
				PRODUCT_NAME = "$(TARGET_NAME)";
				TEST_TARGET_NAME = "Project 13 - ZoomingIcons";
				USES_XCTRUNNER = YES;
			};
			name = Debug;
		};
		19A51FFC1D5CD370000E98D8 /* Release */ = {
			isa = XCBuildConfiguration;
			buildSettings = {
				INFOPLIST_FILE = "Project 13 - ZoomingIconsUITests/Info.plist";
				LD_RUNPATH_SEARCH_PATHS = "$(inherited) @executable_path/Frameworks @loader_path/Frameworks";
				PRODUCT_BUNDLE_IDENTIFIER = "Jiong..Project-13---ZoomingIconsUITests";
				PRODUCT_NAME = "$(TARGET_NAME)";
				TEST_TARGET_NAME = "Project 13 - ZoomingIcons";
				USES_XCTRUNNER = YES;
			};
			name = Release;
		};
/* End XCBuildConfiguration section */

/* Begin XCConfigurationList section */
		19A51FC71D5CD370000E98D8 /* Build configuration list for PBXProject "Project 13 - ZoomingIcons" */ = {
			isa = XCConfigurationList;
			buildConfigurations = (
				19A51FF21D5CD370000E98D8 /* Debug */,
				19A51FF31D5CD370000E98D8 /* Release */,
			);
			defaultConfigurationIsVisible = 0;
			defaultConfigurationName = Release;
		};
		19A51FF41D5CD370000E98D8 /* Build configuration list for PBXNativeTarget "Project 13 - ZoomingIcons" */ = {
			isa = XCConfigurationList;
			buildConfigurations = (
				19A51FF51D5CD370000E98D8 /* Debug */,
				19A51FF61D5CD370000E98D8 /* Release */,
			);
			defaultConfigurationIsVisible = 0;
		};
		19A51FF71D5CD370000E98D8 /* Build configuration list for PBXNativeTarget "Project 13 - ZoomingIconsTests" */ = {
			isa = XCConfigurationList;
			buildConfigurations = (
				19A51FF81D5CD370000E98D8 /* Debug */,
				19A51FF91D5CD370000E98D8 /* Release */,
			);
			defaultConfigurationIsVisible = 0;
		};
		19A51FFA1D5CD370000E98D8 /* Build configuration list for PBXNativeTarget "Project 13 - ZoomingIconsUITests" */ = {
			isa = XCConfigurationList;
			buildConfigurations = (
				19A51FFB1D5CD370000E98D8 /* Debug */,
				19A51FFC1D5CD370000E98D8 /* Release */,
			);
			defaultConfigurationIsVisible = 0;
		};
/* End XCConfigurationList section */
	};
	rootObject = 19A51FC41D5CD370000E98D8 /* Project object */;
}
